
Microsoft Visual Studio Solution File, Format Version 12.00
# Visual Studio Version 17
VisualStudioVersion = 17.6.33815.320
MinimumVisualStudioVersion = 10.0.40219.1
Project("{FAE04EC0-301F-11D3-BF4B-00C04F79EFBC}") = "Bootcamp23", "Bootcamp23\Bootcamp23.csproj", "{E2B106D3-BA7F-4FAA-BFD2-0AF2D609E9B3}"
EndProject
Global
	GlobalSection(SolutionConfigurationPlatforms) = preSolution
		Debug|Any CPU = Debug|Any CPU
		Release|Any CPU = Release|Any CPU
	EndGlobalSection
	GlobalSection(ProjectConfigurationPlatforms) = postSolution
		{E2B106D3-BA7F-4FAA-BFD2-0AF2D609E9B3}.Debug|Any CPU.ActiveCfg = Debug|Any CPU
		{E2B106D3-BA7F-4FAA-BFD2-0AF2D609E9B3}.Debug|Any CPU.Build.0 = Debug|Any CPU
		{E2B106D3-BA7F-4FAA-BFD2-0AF2D609E9B3}.Release|Any CPU.ActiveCfg = Release|Any CPU
		{E2B106D3-BA7F-4FAA-BFD2-0AF2D609E9B3}.Release|Any CPU.Build.0 = Release|Any CPU
	EndGlobalSection
	GlobalSection(SolutionProperties) = preSolution
		HideSolutionNode = FALSE
	EndGlobalSection
	GlobalSection(ExtensibilityGlobals) = postSolution
		SolutionGuid = {DF0FF16B-0EC7-4A56-AF8A-0E29FB8FF56C}
	EndGlobalSection
EndGlobal
